{
  "nodes": {
    "nixpkgs": {
      "locked": {
        "lastModified": 1774220392,
        "narHash": "sha256-H3JhVTrC7zihFiWNATToJHUy7dX7cgAwJsjNHCY9Sh8=",
        "owner": "NixOS",
        "repo": "nixpkgs",
        "rev": "255a186666b6130ddddf8ad749887102a0820914",
        "type": "github"
      },
      "original": {
        "owner": "NixOS",
        "repo": "nixpkgs",
        "rev": "255a186666b6130ddddf8ad749887102a0820914",
        "type": "github"
      }
    },
    "root": {
      "inputs": {
        "nixpkgs": "nixpkgs"
      }
    }
  },
  "root": "root",
  "version": 7
}
